
Microsoft Visual Studio Solution File, Format Version 12.00
# Visual Studio Version 17
VisualStudioVersion = 17.10.34928.147
MinimumVisualStudioVersion = 10.0.40219.1
Project("{9A19103F-16F7-4668-BE54-9A1E7A4F7556}") = "Pricing.Api", "Pricing.Api\Pricing.Api.csproj", "{61782C2A-A446-46B0-BF47-334AD99BEB3D}"
EndProject
Project("{9A19103F-16F7-4668-BE54-9A1E7A4F7556}") = "Pricing.Application", "Pricing.Application\Pricing.Application.csproj", "{53D20392-FF4D-4D94-978E-600F321959D5}"
EndProject
Project("{9A19103F-16F7-4668-BE54-9A1E7A4F7556}") = "Pricing.Domain", "Pricing.Domain\Pricing.Domain.csproj", "{C8153FB0-B1A7-40C9-AE6F-0A0E2D23C507}"
EndProject
Project("{9A19103F-16F7-4668-BE54-9A1E7A4F7556}") = "Pricing.Infrastructure", "Pricing.Infrastructure\Pricing.Infrastructure.csproj", "{0D8BA5CE-8384-46F7-9BD8-DF2822ACBC73}"
EndProject
Project("{E53339B2-1760-4266-BCC7-CA923CBCF16C}") = "docker-compose", "docker-compose.dcproj", "{6DD9AC99-15A9-4F93-938E-2E15660BD710}"
EndProject
Global
	GlobalSection(SolutionConfigurationPlatforms) = preSolution
		Debug|Any CPU = Debug|Any CPU
		Release|Any CPU = Release|Any CPU
	EndGlobalSection
	GlobalSection(ProjectConfigurationPlatforms) = postSolution
		{61782C2A-A446-46B0-BF47-334AD99BEB3D}.Debug|Any CPU.ActiveCfg = Debug|Any CPU
		{61782C2A-A446-46B0-BF47-334AD99BEB3D}.Debug|Any CPU.Build.0 = Debug|Any CPU
		{61782C2A-A446-46B0-BF47-334AD99BEB3D}.Release|Any CPU.ActiveCfg = Release|Any CPU
		{61782C2A-A446-46B0-BF47-334AD99BEB3D}.Release|Any CPU.Build.0 = Release|Any CPU
		{53D20392-FF4D-4D94-978E-600F321959D5}.Debug|Any CPU.ActiveCfg = Debug|Any CPU
		{53D20392-FF4D-4D94-978E-600F321959D5}.Debug|Any CPU.Build.0 = Debug|Any CPU
		{53D20392-FF4D-4D94-978E-600F321959D5}.Release|Any CPU.ActiveCfg = Release|Any CPU
		{53D20392-FF4D-4D94-978E-600F321959D5}.Release|Any CPU.Build.0 = Release|Any CPU
		{C8153FB0-B1A7-40C9-AE6F-0A0E2D23C507}.Debug|Any CPU.ActiveCfg = Debug|Any CPU
		{C8153FB0-B1A7-40C9-AE6F-0A0E2D23C507}.Debug|Any CPU.Build.0 = Debug|Any CPU
		{C8153FB0-B1A7-40C9-AE6F-0A0E2D23C507}.Release|Any CPU.ActiveCfg = Release|Any CPU
		{C8153FB0-B1A7-40C9-AE6F-0A0E2D23C507}.Release|Any CPU.Build.0 = Release|Any CPU
		{0D8BA5CE-8384-46F7-9BD8-DF2822ACBC73}.Debug|Any CPU.ActiveCfg = Debug|Any CPU
		{0D8BA5CE-8384-46F7-9BD8-DF2822ACBC73}.Debug|Any CPU.Build.0 = Debug|Any CPU
		{0D8BA5CE-8384-46F7-9BD8-DF2822ACBC73}.Release|Any CPU.ActiveCfg = Release|Any CPU
		{0D8BA5CE-8384-46F7-9BD8-DF2822ACBC73}.Release|Any CPU.Build.0 = Release|Any CPU
		{6DD9AC99-15A9-4F93-938E-2E15660BD710}.Debug|Any CPU.ActiveCfg = Debug|Any CPU
		{6DD9AC99-15A9-4F93-938E-2E15660BD710}.Debug|Any CPU.Build.0 = Debug|Any CPU
		{6DD9AC99-15A9-4F93-938E-2E15660BD710}.Release|Any CPU.ActiveCfg = Release|Any CPU
		{6DD9AC99-15A9-4F93-938E-2E15660BD710}.Release|Any CPU.Build.0 = Release|Any CPU
	EndGlobalSection
	GlobalSection(SolutionProperties) = preSolution
		HideSolutionNode = FALSE
	EndGlobalSection
	GlobalSection(ExtensibilityGlobals) = postSolution
		SolutionGuid = {9F6910E1-8945-4787-A05E-E18EFC279F34}
	EndGlobalSection
EndGlobal
